// !$*UTF8*$!
{
	archiveVersion = 1;
	classes = {
	};
	objectVersion = 48;
	objects = {

/* Begin PBXBuildFile section */
		52959926B76569777753C3BE /* Pods_NYTBestseller.framework in Frameworks */ = {isa = PBXBuildFile; fileRef = C6E66573DBD47F5A3BD14BB9 /* Pods_NYTBestseller.framework */; };
		7C23C731200555E40083FB95 /* NYTNetwork.swift in Sources */ = {isa = PBXBuildFile; fileRef = 7C23C730200555E40083FB95 /* NYTNetwork.swift */; };
		7C23C733200560FA0083FB95 /* GeneralExtensions.swift in Sources */ = {isa = PBXBuildFile; fileRef = 7C23C732200560FA0083FB95 /* GeneralExtensions.swift */; };
		7C23C735200567EC0083FB95 /* CategoriesPresenter.swift in Sources */ = {isa = PBXBuildFile; fileRef = 7C23C734200567EC0083FB95 /* CategoriesPresenter.swift */; };
		7C23C737200578600083FB95 /* BestsellerListPresenter.swift in Sources */ = {isa = PBXBuildFile; fileRef = 7C23C736200578600083FB95 /* BestsellerListPresenter.swift */; };
		7C23C7392005A7ED0083FB95 /* Category.swift in Sources */ = {isa = PBXBuildFile; fileRef = 7C23C7382005A7ED0083FB95 /* Category.swift */; };
		7C23C73B2005A8530083FB95 /* Book.swift in Sources */ = {isa = PBXBuildFile; fileRef = 7C23C73A2005A8530083FB95 /* Book.swift */; };
		7CE6733420052A3400BBDA2A /* AppDelegate.swift in Sources */ = {isa = PBXBuildFile; fileRef = 7CE6733320052A3400BBDA2A /* AppDelegate.swift */; };
		7CE6733B20052A3400BBDA2A /* Assets.xcassets in Resources */ = {isa = PBXBuildFile; fileRef = 7CE6733A20052A3400BBDA2A /* Assets.xcassets */; };
		7CE6733E20052A3400BBDA2A /* LaunchScreen.storyboard in Resources */ = {isa = PBXBuildFile; fileRef = 7CE6733C20052A3400BBDA2A /* LaunchScreen.storyboard */; };
		7CE6734920052A3400BBDA2A /* NYTBestsellerTests.swift in Sources */ = {isa = PBXBuildFile; fileRef = 7CE6734820052A3400BBDA2A /* NYTBestsellerTests.swift */; };
		7CE6735E2005469300BBDA2A /* BookDetailViewController.swift in Sources */ = {isa = PBXBuildFile; fileRef = 7CE6735D2005469300BBDA2A /* BookDetailViewController.swift */; };
		7CE673602005487800BBDA2A /* BestsellerListViewController.swift in Sources */ = {isa = PBXBuildFile; fileRef = 7CE6735F2005487800BBDA2A /* BestsellerListViewController.swift */; };
		7CE673622005488D00BBDA2A /* CategoriesViewController.swift in Sources */ = {isa = PBXBuildFile; fileRef = 7CE673612005488D00BBDA2A /* CategoriesViewController.swift */; };
		7CE673642005492B00BBDA2A /* BookDetail.storyboard in Resources */ = {isa = PBXBuildFile; fileRef = 7CE673632005492B00BBDA2A /* BookDetail.storyboard */; };
		7CE673662005493C00BBDA2A /* BestsellerList.storyboard in Resources */ = {isa = PBXBuildFile; fileRef = 7CE673652005493C00BBDA2A /* BestsellerList.storyboard */; };
		7CE673692005499E00BBDA2A /* Categories.storyboard in Resources */ = {isa = PBXBuildFile; fileRef = 7CE673682005499E00BBDA2A /* Categories.storyboard */; };
		D70965E3AAC71F9333BCD461 /* Pods_NYTBestsellerTests.framework in Frameworks */ = {isa = PBXBuildFile; fileRef = 65F073E2A4E97940FD25B117 /* Pods_NYTBestsellerTests.framework */; };
/* End PBXBuildFile section */

/* Begin PBXContainerItemProxy section */
		7CE6734520052A3400BBDA2A /* PBXContainerItemProxy */ = {
			isa = PBXContainerItemProxy;
			containerPortal = 7CE6732820052A3400BBDA2A /* Project object */;
			proxyType = 1;
			remoteGlobalIDString = 7CE6732F20052A3400BBDA2A;
			remoteInfo = NYTBestseller;
		};
/* End PBXContainerItemProxy section */

/* Begin PBXFileReference section */
		425AE136FF4AA746820B30AA /* Pods-NYTBestsellerTests.release.xcconfig */ = {isa = PBXFileReference; includeInIndex = 1; lastKnownFileType = text.xcconfig; name = "Pods-NYTBestsellerTests.release.xcconfig"; path = "Pods/Target Support Files/Pods-NYTBestsellerTests/Pods-NYTBestsellerTests.release.xcconfig"; sourceTree = "<group>"; };
		5B6ED81752CAAC5B9A28298C /* Pods-NYTBestseller.debug.xcconfig */ = {isa = PBXFileReference; includeInIndex = 1; lastKnownFileType = text.xcconfig; name = "Pods-NYTBestseller.debug.xcconfig"; path = "Pods/Target Support Files/Pods-NYTBestseller/Pods-NYTBestseller.debug.xcconfig"; sourceTree = "<group>"; };
		65F073E2A4E97940FD25B117 /* Pods_NYTBestsellerTests.framework */ = {isa = PBXFileReference; explicitFileType = wrapper.framework; includeInIndex = 0; path = Pods_NYTBestsellerTests.framework; sourceTree = BUILT_PRODUCTS_DIR; };
		7C23C730200555E40083FB95 /* NYTNetwork.swift */ = {isa = PBXFileReference; lastKnownFileType = sourcecode.swift; path = NYTNetwork.swift; sourceTree = "<group>"; };
		7C23C732200560FA0083FB95 /* GeneralExtensions.swift */ = {isa = PBXFileReference; lastKnownFileType = sourcecode.swift; path = GeneralExtensions.swift; sourceTree = "<group>"; };
		7C23C734200567EC0083FB95 /* CategoriesPresenter.swift */ = {isa = PBXFileReference; lastKnownFileType = sourcecode.swift; path = CategoriesPresenter.swift; sourceTree = "<group>"; };
		7C23C736200578600083FB95 /* BestsellerListPresenter.swift */ = {isa = PBXFileReference; lastKnownFileType = sourcecode.swift; path = BestsellerListPresenter.swift; sourceTree = "<group>"; };
		7C23C7382005A7ED0083FB95 /* Category.swift */ = {isa = PBXFileReference; lastKnownFileType = sourcecode.swift; path = Category.swift; sourceTree = "<group>"; };
		7C23C73A2005A8530083FB95 /* Book.swift */ = {isa = PBXFileReference; lastKnownFileType = sourcecode.swift; path = Book.swift; sourceTree = "<group>"; };
		7CE6733020052A3400BBDA2A /* NYTBestseller.app */ = {isa = PBXFileReference; explicitFileType = wrapper.application; includeInIndex = 0; path = NYTBestseller.app; sourceTree = BUILT_PRODUCTS_DIR; };
		7CE6733320052A3400BBDA2A /* AppDelegate.swift */ = {isa = PBXFileReference; lastKnownFileType = sourcecode.swift; path = AppDelegate.swift; sourceTree = "<group>"; };
		7CE6733A20052A3400BBDA2A /* Assets.xcassets */ = {isa = PBXFileReference; lastKnownFileType = folder.assetcatalog; path = Assets.xcassets; sourceTree = "<group>"; };
		7CE6733D20052A3400BBDA2A /* Base */ = {isa = PBXFileReference; lastKnownFileType = file.storyboard; name = Base; path = Base.lproj/LaunchScreen.storyboard; sourceTree = "<group>"; };
		7CE6733F20052A3400BBDA2A /* Info.plist */ = {isa = PBXFileReference; lastKnownFileType = text.plist.xml; path = Info.plist; sourceTree = "<group>"; };
		7CE6734420052A3400BBDA2A /* NYTBestsellerTests.xctest */ = {isa = PBXFileReference; explicitFileType = wrapper.cfbundle; includeInIndex = 0; path = NYTBestsellerTests.xctest; sourceTree = BUILT_PRODUCTS_DIR; };
		7CE6734820052A3400BBDA2A /* NYTBestsellerTests.swift */ = {isa = PBXFileReference; lastKnownFileType = sourcecode.swift; path = NYTBestsellerTests.swift; sourceTree = "<group>"; };
		7CE6734A20052A3400BBDA2A /* Info.plist */ = {isa = PBXFileReference; lastKnownFileType = text.plist.xml; path = Info.plist; sourceTree = "<group>"; };
		7CE6735D2005469300BBDA2A /* BookDetailViewController.swift */ = {isa = PBXFileReference; lastKnownFileType = sourcecode.swift; path = BookDetailViewController.swift; sourceTree = "<group>"; };
		7CE6735F2005487800BBDA2A /* BestsellerListViewController.swift */ = {isa = PBXFileReference; lastKnownFileType = sourcecode.swift; path = BestsellerListViewController.swift; sourceTree = "<group>"; };
		7CE673612005488D00BBDA2A /* CategoriesViewController.swift */ = {isa = PBXFileReference; lastKnownFileType = sourcecode.swift; path = CategoriesViewController.swift; sourceTree = "<group>"; };
		7CE673632005492B00BBDA2A /* BookDetail.storyboard */ = {isa = PBXFileReference; lastKnownFileType = file.storyboard; path = BookDetail.storyboard; sourceTree = "<group>"; };
		7CE673652005493C00BBDA2A /* BestsellerList.storyboard */ = {isa = PBXFileReference; lastKnownFileType = file.storyboard; path = BestsellerList.storyboard; sourceTree = "<group>"; };
		7CE673682005499E00BBDA2A /* Categories.storyboard */ = {isa = PBXFileReference; lastKnownFileType = file.storyboard; path = Categories.storyboard; sourceTree = "<group>"; };
		BFE053009A8C86F0B0EBD22D /* Pods-NYTBestseller.release.xcconfig */ = {isa = PBXFileReference; includeInIndex = 1; lastKnownFileType = text.xcconfig; name = "Pods-NYTBestseller.release.xcconfig"; path = "Pods/Target Support Files/Pods-NYTBestseller/Pods-NYTBestseller.release.xcconfig"; sourceTree = "<group>"; };
		C6E66573DBD47F5A3BD14BB9 /* Pods_NYTBestseller.framework */ = {isa = PBXFileReference; explicitFileType = wrapper.framework; includeInIndex = 0; path = Pods_NYTBestseller.framework; sourceTree = BUILT_PRODUCTS_DIR; };
		CA1A9F3D3B1DC3FE1E06CDFB /* Pods-NYTBestsellerTests.debug.xcconfig */ = {isa = PBXFileReference; includeInIndex = 1; lastKnownFileType = text.xcconfig; name = "Pods-NYTBestsellerTests.debug.xcconfig"; path = "Pods/Target Support Files/Pods-NYTBestsellerTests/Pods-NYTBestsellerTests.debug.xcconfig"; sourceTree = "<group>"; };
/* End PBXFileReference section */

/* Begin PBXFrameworksBuildPhase section */
		7CE6732D20052A3400BBDA2A /* Frameworks */ = {
			isa = PBXFrameworksBuildPhase;
			buildActionMask = 2147483647;
			files = (
				52959926B76569777753C3BE /* Pods_NYTBestseller.framework in Frameworks */,
			);
			runOnlyForDeploymentPostprocessing = 0;
		};
		7CE6734120052A3400BBDA2A /* Frameworks */ = {
			isa = PBXFrameworksBuildPhase;
			buildActionMask = 2147483647;
			files = (
				D70965E3AAC71F9333BCD461 /* Pods_NYTBestsellerTests.framework in Frameworks */,
			);
			runOnlyForDeploymentPostprocessing = 0;
		};
/* End PBXFrameworksBuildPhase section */

/* Begin PBXGroup section */
		2767E055EF0ECAFEA4B92A1E /* Frameworks */ = {
			isa = PBXGroup;
			children = (
				C6E66573DBD47F5A3BD14BB9 /* Pods_NYTBestseller.framework */,
				65F073E2A4E97940FD25B117 /* Pods_NYTBestsellerTests.framework */,
			);
			name = Frameworks;
			sourceTree = "<group>";
		};
		7CE6732720052A3400BBDA2A = {
			isa = PBXGroup;
			children = (
				7CE6733220052A3400BBDA2A /* NYTBestseller */,
				7CE6734720052A3400BBDA2A /* NYTBestsellerTests */,
				7CE6733120052A3400BBDA2A /* Products */,
				B6894E249E73938661D5772A /* Pods */,
				2767E055EF0ECAFEA4B92A1E /* Frameworks */,
			);
			sourceTree = "<group>";
		};
		7CE6733120052A3400BBDA2A /* Products */ = {
			isa = PBXGroup;
			children = (
				7CE6733020052A3400BBDA2A /* NYTBestseller.app */,
				7CE6734420052A3400BBDA2A /* NYTBestsellerTests.xctest */,
			);
			name = Products;
			sourceTree = "<group>";
		};
		7CE6733220052A3400BBDA2A /* NYTBestseller */ = {
			isa = PBXGroup;
			children = (
				7CE6733320052A3400BBDA2A /* AppDelegate.swift */,
				7CE6735320052BAC00BBDA2A /* Supporting Files */,
				7CE6735420052BC900BBDA2A /* UI */,
				7CE6735520052C0D00BBDA2A /* Network */,
				7CE6735620052C3A00BBDA2A /* Helpers */,
				7CE6735720052C8900BBDA2A /* Models */,
				7CE6735820052CE300BBDA2A /* Extensions */,
				7CE6735920052D0A00BBDA2A /* Constants */,
			);
			path = NYTBestseller;
			sourceTree = "<group>";
		};
		7CE6734720052A3400BBDA2A /* NYTBestsellerTests */ = {
			isa = PBXGroup;
			children = (
				7CE6734820052A3400BBDA2A /* NYTBestsellerTests.swift */,
				7CE6734A20052A3400BBDA2A /* Info.plist */,
			);
			path = NYTBestsellerTests;
			sourceTree = "<group>";
		};
		7CE6735320052BAC00BBDA2A /* Supporting Files */ = {
			isa = PBXGroup;
			children = (
				7CE6733A20052A3400BBDA2A /* Assets.xcassets */,
				7CE6733F20052A3400BBDA2A /* Info.plist */,
			);
			path = "Supporting Files";
			sourceTree = "<group>";
		};
		7CE6735420052BC900BBDA2A /* UI */ = {
			isa = PBXGroup;
			children = (
				7CE6735C2005457800BBDA2A /* Book Detail */,
				7CE6735B200544DF00BBDA2A /* Bestseller List */,
				7CE6735A200544C400BBDA2A /* Categories */,
				7CE6733C20052A3400BBDA2A /* LaunchScreen.storyboard */,
			);
			path = UI;
			sourceTree = "<group>";
		};
		7CE6735520052C0D00BBDA2A /* Network */ = {
			isa = PBXGroup;
			children = (
				7C23C730200555E40083FB95 /* NYTNetwork.swift */,
			);
			path = Network;
			sourceTree = "<group>";
		};
		7CE6735620052C3A00BBDA2A /* Helpers */ = {
			isa = PBXGroup;
			children = (
			);
			path = Helpers;
			sourceTree = "<group>";
		};
		7CE6735720052C8900BBDA2A /* Models */ = {
			isa = PBXGroup;
			children = (
				7C23C7382005A7ED0083FB95 /* Category.swift */,
				7C23C73A2005A8530083FB95 /* Book.swift */,
			);
			path = Models;
			sourceTree = "<group>";
		};
		7CE6735820052CE300BBDA2A /* Extensions */ = {
			isa = PBXGroup;
			children = (
				7C23C732200560FA0083FB95 /* GeneralExtensions.swift */,
			);
			path = Extensions;
			sourceTree = "<group>";
		};
		7CE6735920052D0A00BBDA2A /* Constants */ = {
			isa = PBXGroup;
			children = (
			);
			path = Constants;
			sourceTree = "<group>";
		};
		7CE6735A200544C400BBDA2A /* Categories */ = {
			isa = PBXGroup;
			children = (
				7CE6736C200549BB00BBDA2A /* presenters */,
				7CE673612005488D00BBDA2A /* CategoriesViewController.swift */,
				7CE673682005499E00BBDA2A /* Categories.storyboard */,
				7CE6737220054A1500BBDA2A /* Views */,
				7CE6737120054A0D00BBDA2A /* Nibs */,
			);
			path = Categories;
			sourceTree = "<group>";
		};
		7CE6735B200544DF00BBDA2A /* Bestseller List */ = {
			isa = PBXGroup;
			children = (
				7CE6736B200549B500BBDA2A /* presenters */,
				7CE6735F2005487800BBDA2A /* BestsellerListViewController.swift */,
				7CE673652005493C00BBDA2A /* BestsellerList.storyboard */,
				7CE6737020054A0300BBDA2A /* Views */,
				7CE6736F200549F600BBDA2A /* Nibs */,
			);
			path = "Bestseller List";
			sourceTree = "<group>";
		};
		7CE6735C2005457800BBDA2A /* Book Detail */ = {
			isa = PBXGroup;
			children = (
				7CE6736A200549AE00BBDA2A /* presenters */,
				7CE6735D2005469300BBDA2A /* BookDetailViewController.swift */,
				7CE673632005492B00BBDA2A /* BookDetail.storyboard */,
				7CE6736D200549DA00BBDA2A /* Views */,
				7CE6736E200549E500BBDA2A /* Nibs */,
			);
			path = "Book Detail";
			sourceTree = "<group>";
		};
		7CE6736A200549AE00BBDA2A /* presenters */ = {
			isa = PBXGroup;
			children = (
			);
			path = presenters;
			sourceTree = "<group>";
		};
		7CE6736B200549B500BBDA2A /* presenters */ = {
			isa = PBXGroup;
			children = (
				7C23C736200578600083FB95 /* BestsellerListPresenter.swift */,
			);
			path = presenters;
			sourceTree = "<group>";
		};
		7CE6736C200549BB00BBDA2A /* presenters */ = {
			isa = PBXGroup;
			children = (
				7C23C734200567EC0083FB95 /* CategoriesPresenter.swift */,
			);
			path = presenters;
			sourceTree = "<group>";
		};
		7CE6736D200549DA00BBDA2A /* Views */ = {
			isa = PBXGroup;
			children = (
			);
			path = Views;
			sourceTree = "<group>";
		};
		7CE6736E200549E500BBDA2A /* Nibs */ = {
			isa = PBXGroup;
			children = (
			);
			path = Nibs;
			sourceTree = "<group>";
		};
		7CE6736F200549F600BBDA2A /* Nibs */ = {
			isa = PBXGroup;
			children = (
			);
			path = Nibs;
			sourceTree = "<group>";
		};
		7CE6737020054A0300BBDA2A /* Views */ = {
			isa = PBXGroup;
			children = (
			);
			path = Views;
			sourceTree = "<group>";
		};
		7CE6737120054A0D00BBDA2A /* Nibs */ = {
			isa = PBXGroup;
			children = (
			);
			path = Nibs;
			sourceTree = "<group>";
		};
		7CE6737220054A1500BBDA2A /* Views */ = {
			isa = PBXGroup;
			children = (
			);
			path = Views;
			sourceTree = "<group>";
		};
		B6894E249E73938661D5772A /* Pods */ = {
			isa = PBXGroup;
			children = (
				5B6ED81752CAAC5B9A28298C /* Pods-NYTBestseller.debug.xcconfig */,
				BFE053009A8C86F0B0EBD22D /* Pods-NYTBestseller.release.xcconfig */,
				CA1A9F3D3B1DC3FE1E06CDFB /* Pods-NYTBestsellerTests.debug.xcconfig */,
				425AE136FF4AA746820B30AA /* Pods-NYTBestsellerTests.release.xcconfig */,
			);
			name = Pods;
			sourceTree = "<group>";
		};
/* End PBXGroup section */

/* Begin PBXNativeTarget section */
		7CE6732F20052A3400BBDA2A /* NYTBestseller */ = {
			isa = PBXNativeTarget;
			buildConfigurationList = 7CE6734D20052A3400BBDA2A /* Build configuration list for PBXNativeTarget "NYTBestseller" */;
			buildPhases = (
				3336FA889A1FF8D89561A774 /* [CP] Check Pods Manifest.lock */,
				7CE6732C20052A3400BBDA2A /* Sources */,
				7CE6732D20052A3400BBDA2A /* Frameworks */,
				7CE6732E20052A3400BBDA2A /* Resources */,
				E72646DF7778524EBCC95D64 /* [CP] Embed Pods Frameworks */,
				2EF533032CBCC8EB97CE0C14 /* [CP] Copy Pods Resources */,
			);
			buildRules = (
			);
			dependencies = (
			);
			name = NYTBestseller;
			productName = NYTBestseller;
			productReference = 7CE6733020052A3400BBDA2A /* NYTBestseller.app */;
			productType = "com.apple.product-type.application";
		};
		7CE6734320052A3400BBDA2A /* NYTBestsellerTests */ = {
			isa = PBXNativeTarget;
			buildConfigurationList = 7CE6735020052A3400BBDA2A /* Build configuration list for PBXNativeTarget "NYTBestsellerTests" */;
			buildPhases = (
				E81642BB55FD1207C55BC80D /* [CP] Check Pods Manifest.lock */,
				7CE6734020052A3400BBDA2A /* Sources */,
				7CE6734120052A3400BBDA2A /* Frameworks */,
				7CE6734220052A3400BBDA2A /* Resources */,
				F14600393348232E069C2296 /* [CP] Embed Pods Frameworks */,
				48A9EB1FFD022E77714B54C7 /* [CP] Copy Pods Resources */,
			);
			buildRules = (
			);
			dependencies = (
				7CE6734620052A3400BBDA2A /* PBXTargetDependency */,
			);
			name = NYTBestsellerTests;
			productName = NYTBestsellerTests;
			productReference = 7CE6734420052A3400BBDA2A /* NYTBestsellerTests.xctest */;
			productType = "com.apple.product-type.bundle.unit-test";
		};
/* End PBXNativeTarget section */

/* Begin PBXProject section */
		7CE6732820052A3400BBDA2A /* Project object */ = {
			isa = PBXProject;
			attributes = {
				LastSwiftUpdateCheck = 0920;
				LastUpgradeCheck = 0920;
				ORGANIZATIONNAME = Andres;
				TargetAttributes = {
					7CE6732F20052A3400BBDA2A = {
						CreatedOnToolsVersion = 9.2;
						ProvisioningStyle = Automatic;
					};
					7CE6734320052A3400BBDA2A = {
						CreatedOnToolsVersion = 9.2;
						ProvisioningStyle = Automatic;
						TestTargetID = 7CE6732F20052A3400BBDA2A;
					};
				};
			};
			buildConfigurationList = 7CE6732B20052A3400BBDA2A /* Build configuration list for PBXProject "NYTBestseller" */;
			compatibilityVersion = "Xcode 8.0";
			developmentRegion = en;
			hasScannedForEncodings = 0;
			knownRegions = (
				en,
				Base,
			);
			mainGroup = 7CE6732720052A3400BBDA2A;
			productRefGroup = 7CE6733120052A3400BBDA2A /* Products */;
			projectDirPath = "";
			projectRoot = "";
			targets = (
				7CE6732F20052A3400BBDA2A /* NYTBestseller */,
				7CE6734320052A3400BBDA2A /* NYTBestsellerTests */,
			);
		};
/* End PBXProject section */

/* Begin PBXResourcesBuildPhase section */
		7CE6732E20052A3400BBDA2A /* Resources */ = {
			isa = PBXResourcesBuildPhase;
			buildActionMask = 2147483647;
			files = (
				7CE6733E20052A3400BBDA2A /* LaunchScreen.storyboard in Resources */,
				7CE673662005493C00BBDA2A /* BestsellerList.storyboard in Resources */,
				7CE6733B20052A3400BBDA2A /* Assets.xcassets in Resources */,
				7CE673642005492B00BBDA2A /* BookDetail.storyboard in Resources */,
				7CE673692005499E00BBDA2A /* Categories.storyboard in Resources */,
			);
			runOnlyForDeploymentPostprocessing = 0;
		};
		7CE6734220052A3400BBDA2A /* Resources */ = {
			isa = PBXResourcesBuildPhase;
			buildActionMask = 2147483647;
			files = (
			);
			runOnlyForDeploymentPostprocessing = 0;
		};
/* End PBXResourcesBuildPhase section */

/* Begin PBXShellScriptBuildPhase section */
		2EF533032CBCC8EB97CE0C14 /* [CP] Copy Pods Resources */ = {
			isa = PBXShellScriptBuildPhase;
			buildActionMask = 2147483647;
			files = (
			);
			inputPaths = (
			);
			name = "[CP] Copy Pods Resources";
			outputPaths = (
			);
			runOnlyForDeploymentPostprocessing = 0;
			shellPath = /bin/sh;
			shellScript = "\"${SRCROOT}/Pods/Target Support Files/Pods-NYTBestseller/Pods-NYTBestseller-resources.sh\"\n";
			showEnvVarsInLog = 0;
		};
		3336FA889A1FF8D89561A774 /* [CP] Check Pods Manifest.lock */ = {
			isa = PBXShellScriptBuildPhase;
			buildActionMask = 2147483647;
			files = (
			);
			inputPaths = (
				"${PODS_PODFILE_DIR_PATH}/Podfile.lock",
				"${PODS_ROOT}/Manifest.lock",
			);
			name = "[CP] Check Pods Manifest.lock";
			outputPaths = (
				"$(DERIVED_FILE_DIR)/Pods-NYTBestseller-checkManifestLockResult.txt",
			);
			runOnlyForDeploymentPostprocessing = 0;
			shellPath = /bin/sh;
			shellScript = "diff \"${PODS_PODFILE_DIR_PATH}/Podfile.lock\" \"${PODS_ROOT}/Manifest.lock\" > /dev/null\nif [ $? != 0 ] ; then\n    # print error to STDERR\n    echo \"error: The sandbox is not in sync with the Podfile.lock. Run 'pod install' or update your CocoaPods installation.\" >&2\n    exit 1\nfi\n# This output is used by Xcode 'outputs' to avoid re-running this script phase.\necho \"SUCCESS\" > \"${SCRIPT_OUTPUT_FILE_0}\"\n";
			showEnvVarsInLog = 0;
		};
		48A9EB1FFD022E77714B54C7 /* [CP] Copy Pods Resources */ = {
			isa = PBXShellScriptBuildPhase;
			buildActionMask = 2147483647;
			files = (
			);
			inputPaths = (
			);
			name = "[CP] Copy Pods Resources";
			outputPaths = (
			);
			runOnlyForDeploymentPostprocessing = 0;
			shellPath = /bin/sh;
			shellScript = "\"${SRCROOT}/Pods/Target Support Files/Pods-NYTBestsellerTests/Pods-NYTBestsellerTests-resources.sh\"\n";
			showEnvVarsInLog = 0;
		};
		E72646DF7778524EBCC95D64 /* [CP] Embed Pods Frameworks */ = {
			isa = PBXShellScriptBuildPhase;
			buildActionMask = 2147483647;
			files = (
			);
			inputPaths = (
				"${SRCROOT}/Pods/Target Support Files/Pods-NYTBestseller/Pods-NYTBestseller-frameworks.sh",
				"${BUILT_PRODUCTS_DIR}/Alamofire/Alamofire.framework",
				"${BUILT_PRODUCTS_DIR}/Kingfisher/Kingfisher.framework",
				"${BUILT_PRODUCTS_DIR}/Moya/Moya.framework",
				"${BUILT_PRODUCTS_DIR}/Result/Result.framework",
				"${BUILT_PRODUCTS_DIR}/SwiftyJSON/SwiftyJSON.framework",
			);
			name = "[CP] Embed Pods Frameworks";
			outputPaths = (
				"${TARGET_BUILD_DIR}/${FRAMEWORKS_FOLDER_PATH}/Alamofire.framework",
				"${TARGET_BUILD_DIR}/${FRAMEWORKS_FOLDER_PATH}/Kingfisher.framework",
				"${TARGET_BUILD_DIR}/${FRAMEWORKS_FOLDER_PATH}/Moya.framework",
				"${TARGET_BUILD_DIR}/${FRAMEWORKS_FOLDER_PATH}/Result.framework",
				"${TARGET_BUILD_DIR}/${FRAMEWORKS_FOLDER_PATH}/SwiftyJSON.framework",
			);
			runOnlyForDeploymentPostprocessing = 0;
			shellPath = /bin/sh;
			shellScript = "\"${SRCROOT}/Pods/Target Support Files/Pods-NYTBestseller/Pods-NYTBestseller-frameworks.sh\"\n";
			showEnvVarsInLog = 0;
		};
		E81642BB55FD1207C55BC80D /* [CP] Check Pods Manifest.lock */ = {
			isa = PBXShellScriptBuildPhase;
			buildActionMask = 2147483647;
			files = (
			);
			inputPaths = (
				"${PODS_PODFILE_DIR_PATH}/Podfile.lock",
				"${PODS_ROOT}/Manifest.lock",
			);
			name = "[CP] Check Pods Manifest.lock";
			outputPaths = (
				"$(DERIVED_FILE_DIR)/Pods-NYTBestsellerTests-checkManifestLockResult.txt",
			);
			runOnlyForDeploymentPostprocessing = 0;
			shellPath = /bin/sh;
			shellScript = "diff \"${PODS_PODFILE_DIR_PATH}/Podfile.lock\" \"${PODS_ROOT}/Manifest.lock\" > /dev/null\nif [ $? != 0 ] ; then\n    # print error to STDERR\n    echo \"error: The sandbox is not in sync with the Podfile.lock. Run 'pod install' or update your CocoaPods installation.\" >&2\n    exit 1\nfi\n# This output is used by Xcode 'outputs' to avoid re-running this script phase.\necho \"SUCCESS\" > \"${SCRIPT_OUTPUT_FILE_0}\"\n";
			showEnvVarsInLog = 0;
		};
		F14600393348232E069C2296 /* [CP] Embed Pods Frameworks */ = {
			isa = PBXShellScriptBuildPhase;
			buildActionMask = 2147483647;
			files = (
			);
			inputPaths = (
			);
			name = "[CP] Embed Pods Frameworks";
			outputPaths = (
			);
			runOnlyForDeploymentPostprocessing = 0;
			shellPath = /bin/sh;
			shellScript = "\"${SRCROOT}/Pods/Target Support Files/Pods-NYTBestsellerTests/Pods-NYTBestsellerTests-frameworks.sh\"\n";
			showEnvVarsInLog = 0;
		};
/* End PBXShellScriptBuildPhase section */

/* Begin PBXSourcesBuildPhase section */
		7CE6732C20052A3400BBDA2A /* Sources */ = {
			isa = PBXSourcesBuildPhase;
			buildActionMask = 2147483647;
			files = (
				7CE673602005487800BBDA2A /* BestsellerListViewController.swift in Sources */,
				7C23C737200578600083FB95 /* BestsellerListPresenter.swift in Sources */,
				7CE6733420052A3400BBDA2A /* AppDelegate.swift in Sources */,
				7CE6735E2005469300BBDA2A /* BookDetailViewController.swift in Sources */,
				7CE673622005488D00BBDA2A /* CategoriesViewController.swift in Sources */,
				7C23C7392005A7ED0083FB95 /* Category.swift in Sources */,
				7C23C733200560FA0083FB95 /* GeneralExtensions.swift in Sources */,
				7C23C735200567EC0083FB95 /* CategoriesPresenter.swift in Sources */,
				7C23C73B2005A8530083FB95 /* Book.swift in Sources */,
				7C23C731200555E40083FB95 /* NYTNetwork.swift in Sources */,
			);
			runOnlyForDeploymentPostprocessing = 0;
		};
		7CE6734020052A3400BBDA2A /* Sources */ = {
			isa = PBXSourcesBuildPhase;
			buildActionMask = 2147483647;
			files = (
				7CE6734920052A3400BBDA2A /* NYTBestsellerTests.swift in Sources */,
			);
			runOnlyForDeploymentPostprocessing = 0;
		};
/* End PBXSourcesBuildPhase section */

/* Begin PBXTargetDependency section */
		7CE6734620052A3400BBDA2A /* PBXTargetDependency */ = {
			isa = PBXTargetDependency;
			target = 7CE6732F20052A3400BBDA2A /* NYTBestseller */;
			targetProxy = 7CE6734520052A3400BBDA2A /* PBXContainerItemProxy */;
		};
/* End PBXTargetDependency section */

/* Begin PBXVariantGroup section */
		7CE6733C20052A3400BBDA2A /* LaunchScreen.storyboard */ = {
			isa = PBXVariantGroup;
			children = (
				7CE6733D20052A3400BBDA2A /* Base */,
			);
			name = LaunchScreen.storyboard;
			sourceTree = "<group>";
		};
/* End PBXVariantGroup section */

/* Begin XCBuildConfiguration section */
		7CE6734B20052A3400BBDA2A /* Debug */ = {
			isa = XCBuildConfiguration;
			buildSettings = {
				ALWAYS_SEARCH_USER_PATHS = NO;
				CLANG_ANALYZER_NONNULL = YES;
				CLANG_ANALYZER_NUMBER_OBJECT_CONVERSION = YES_AGGRESSIVE;
				CLANG_CXX_LANGUAGE_STANDARD = "gnu++14";
				CLANG_CXX_LIBRARY = "libc++";
				CLANG_ENABLE_MODULES = YES;
				CLANG_ENABLE_OBJC_ARC = YES;
				CLANG_WARN_BLOCK_CAPTURE_AUTORELEASING = YES;
				CLANG_WARN_BOOL_CONVERSION = YES;
				CLANG_WARN_COMMA = YES;
				CLANG_WARN_CONSTANT_CONVERSION = YES;
				CLANG_WARN_DIRECT_OBJC_ISA_USAGE = YES_ERROR;
				CLANG_WARN_DOCUMENTATION_COMMENTS = YES;
				CLANG_WARN_EMPTY_BODY = YES;
				CLANG_WARN_ENUM_CONVERSION = YES;
				CLANG_WARN_INFINITE_RECURSION = YES;
				CLANG_WARN_INT_CONVERSION = YES;
				CLANG_WARN_NON_LITERAL_NULL_CONVERSION = YES;
				CLANG_WARN_OBJC_LITERAL_CONVERSION = YES;
				CLANG_WARN_OBJC_ROOT_CLASS = YES_ERROR;
				CLANG_WARN_RANGE_LOOP_ANALYSIS = YES;
				CLANG_WARN_STRICT_PROTOTYPES = YES;
				CLANG_WARN_SUSPICIOUS_MOVE = YES;
				CLANG_WARN_UNGUARDED_AVAILABILITY = YES_AGGRESSIVE;
				CLANG_WARN_UNREACHABLE_CODE = YES;
				CLANG_WARN__DUPLICATE_METHOD_MATCH = YES;
				CODE_SIGN_IDENTITY = "iPhone Developer";
				COPY_PHASE_STRIP = NO;
				DEBUG_INFORMATION_FORMAT = dwarf;
				ENABLE_STRICT_OBJC_MSGSEND = YES;
				ENABLE_TESTABILITY = YES;
				GCC_C_LANGUAGE_STANDARD = gnu11;
				GCC_DYNAMIC_NO_PIC = NO;
				GCC_NO_COMMON_BLOCKS = YES;
				GCC_OPTIMIZATION_LEVEL = 0;
				GCC_PREPROCESSOR_DEFINITIONS = (
					"DEBUG=1",
					"$(inherited)",
				);
				GCC_WARN_64_TO_32_BIT_CONVERSION = YES;
				GCC_WARN_ABOUT_RETURN_TYPE = YES_ERROR;
				GCC_WARN_UNDECLARED_SELECTOR = YES;
				GCC_WARN_UNINITIALIZED_AUTOS = YES_AGGRESSIVE;
				GCC_WARN_UNUSED_FUNCTION = YES;
				GCC_WARN_UNUSED_VARIABLE = YES;
				IPHONEOS_DEPLOYMENT_TARGET = 11.2;
				MTL_ENABLE_DEBUG_INFO = YES;
				ONLY_ACTIVE_ARCH = YES;
				SDKROOT = iphoneos;
				SWIFT_ACTIVE_COMPILATION_CONDITIONS = DEBUG;
				SWIFT_OPTIMIZATION_LEVEL = "-Onone";
			};
			name = Debug;
		};
		7CE6734C20052A3400BBDA2A /* Release */ = {
			isa = XCBuildConfiguration;
			buildSettings = {
				ALWAYS_SEARCH_USER_PATHS = NO;
				CLANG_ANALYZER_NONNULL = YES;
				CLANG_ANALYZER_NUMBER_OBJECT_CONVERSION = YES_AGGRESSIVE;
				CLANG_CXX_LANGUAGE_STANDARD = "gnu++14";
				CLANG_CXX_LIBRARY = "libc++";
				CLANG_ENABLE_MODULES = YES;
				CLANG_ENABLE_OBJC_ARC = YES;
				CLANG_WARN_BLOCK_CAPTURE_AUTORELEASING = YES;
				CLANG_WARN_BOOL_CONVERSION = YES;
				CLANG_WARN_COMMA = YES;
				CLANG_WARN_CONSTANT_CONVERSION = YES;
				CLANG_WARN_DIRECT_OBJC_ISA_USAGE = YES_ERROR;
				CLANG_WARN_DOCUMENTATION_COMMENTS = YES;
				CLANG_WARN_EMPTY_BODY = YES;
				CLANG_WARN_ENUM_CONVERSION = YES;
				CLANG_WARN_INFINITE_RECURSION = YES;
				CLANG_WARN_INT_CONVERSION = YES;
				CLANG_WARN_NON_LITERAL_NULL_CONVERSION = YES;
				CLANG_WARN_OBJC_LITERAL_CONVERSION = YES;
				CLANG_WARN_OBJC_ROOT_CLASS = YES_ERROR;
				CLANG_WARN_RANGE_LOOP_ANALYSIS = YES;
				CLANG_WARN_STRICT_PROTOTYPES = YES;
				CLANG_WARN_SUSPICIOUS_MOVE = YES;
				CLANG_WARN_UNGUARDED_AVAILABILITY = YES_AGGRESSIVE;
				CLANG_WARN_UNREACHABLE_CODE = YES;
				CLANG_WARN__DUPLICATE_METHOD_MATCH = YES;
				CODE_SIGN_IDENTITY = "iPhone Developer";
				COPY_PHASE_STRIP = NO;
				DEBUG_INFORMATION_FORMAT = "dwarf-with-dsym";
				ENABLE_NS_ASSERTIONS = NO;
				ENABLE_STRICT_OBJC_MSGSEND = YES;
				GCC_C_LANGUAGE_STANDARD = gnu11;
				GCC_NO_COMMON_BLOCKS = YES;
				GCC_WARN_64_TO_32_BIT_CONVERSION = YES;
				GCC_WARN_ABOUT_RETURN_TYPE = YES_ERROR;
				GCC_WARN_UNDECLARED_SELECTOR = YES;
				GCC_WARN_UNINITIALIZED_AUTOS = YES_AGGRESSIVE;
				GCC_WARN_UNUSED_FUNCTION = YES;
				GCC_WARN_UNUSED_VARIABLE = YES;
				IPHONEOS_DEPLOYMENT_TARGET = 11.2;
				MTL_ENABLE_DEBUG_INFO = NO;
				SDKROOT = iphoneos;
				SWIFT_OPTIMIZATION_LEVEL = "-Owholemodule";
				VALIDATE_PRODUCT = YES;
			};
			name = Release;
		};
		7CE6734E20052A3400BBDA2A /* Debug */ = {
			isa = XCBuildConfiguration;
			baseConfigurationReference = 5B6ED81752CAAC5B9A28298C /* Pods-NYTBestseller.debug.xcconfig */;
			buildSettings = {
				ASSETCATALOG_COMPILER_APPICON_NAME = AppIcon;
				CODE_SIGN_STYLE = Automatic;
				DEVELOPMENT_TEAM = NT8XEMLY2Z;
				INFOPLIST_FILE = "$(SRCROOT)/NYTBestseller/Supporting Files/Info.plist";
				LD_RUNPATH_SEARCH_PATHS = "$(inherited) @executable_path/Frameworks";
				PRODUCT_BUNDLE_IDENTIFIER = com.Andres.NYTBestseller;
				PRODUCT_NAME = "$(TARGET_NAME)";
				SWIFT_VERSION = 4.0;
				TARGETED_DEVICE_FAMILY = "1,2";
			};
			name = Debug;
		};
		7CE6734F20052A3400BBDA2A /* Release */ = {
			isa = XCBuildConfiguration;
			baseConfigurationReference = BFE053009A8C86F0B0EBD22D /* Pods-NYTBestseller.release.xcconfig */;
			buildSettings = {
				ASSETCATALOG_COMPILER_APPICON_NAME = AppIcon;
				CODE_SIGN_STYLE = Automatic;
				DEVELOPMENT_TEAM = NT8XEMLY2Z;
				INFOPLIST_FILE = "$(SRCROOT)/NYTBestseller/Supporting Files/Info.plist";
				LD_RUNPATH_SEARCH_PATHS = "$(inherited) @executable_path/Frameworks";
				PRODUCT_BUNDLE_IDENTIFIER = com.Andres.NYTBestseller;
				PRODUCT_NAME = "$(TARGET_NAME)";
				SWIFT_VERSION = 4.0;
				TARGETED_DEVICE_FAMILY = "1,2";
			};
			name = Release;
		};
		7CE6735120052A3400BBDA2A /* Debug */ = {
			isa = XCBuildConfiguration;
			baseConfigurationReference = CA1A9F3D3B1DC3FE1E06CDFB /* Pods-NYTBestsellerTests.debug.xcconfig */;
			buildSettings = {
				ALWAYS_EMBED_SWIFT_STANDARD_LIBRARIES = YES;
				BUNDLE_LOADER = "$(TEST_HOST)";
				CODE_SIGN_STYLE = Automatic;
				DEVELOPMENT_TEAM = NT8XEMLY2Z;
				INFOPLIST_FILE = NYTBestsellerTests/Info.plist;
				LD_RUNPATH_SEARCH_PATHS = "$(inherited) @executable_path/Frameworks @loader_path/Frameworks";
				PRODUCT_BUNDLE_IDENTIFIER = com.Andres.NYTBestsellerTests;
				PRODUCT_NAME = "$(TARGET_NAME)";
				SWIFT_VERSION = 4.0;
				TARGETED_DEVICE_FAMILY = "1,2";
				TEST_HOST = "$(BUILT_PRODUCTS_DIR)/NYTBestseller.app/NYTBestseller";
			};
			name = Debug;
		};
		7CE6735220052A3400BBDA2A /* Release */ = {
			isa = XCBuildConfiguration;
			baseConfigurationReference = 425AE136FF4AA746820B30AA /* Pods-NYTBestsellerTests.release.xcconfig */;
			buildSettings = {
				ALWAYS_EMBED_SWIFT_STANDARD_LIBRARIES = YES;
				BUNDLE_LOADER = "$(TEST_HOST)";
				CODE_SIGN_STYLE = Automatic;
				DEVELOPMENT_TEAM = NT8XEMLY2Z;
				INFOPLIST_FILE = NYTBestsellerTests/Info.plist;
				LD_RUNPATH_SEARCH_PATHS = "$(inherited) @executable_path/Frameworks @loader_path/Frameworks";
				PRODUCT_BUNDLE_IDENTIFIER = com.Andres.NYTBestsellerTests;
				PRODUCT_NAME = "$(TARGET_NAME)";
				SWIFT_VERSION = 4.0;
				TARGETED_DEVICE_FAMILY = "1,2";
				TEST_HOST = "$(BUILT_PRODUCTS_DIR)/NYTBestseller.app/NYTBestseller";
			};
			name = Release;
		};
/* End XCBuildConfiguration section */

/* Begin XCConfigurationList section */
		7CE6732B20052A3400BBDA2A /* Build configuration list for PBXProject "NYTBestseller" */ = {
			isa = XCConfigurationList;
			buildConfigurations = (
				7CE6734B20052A3400BBDA2A /* Debug */,
				7CE6734C20052A3400BBDA2A /* Release */,
			);
			defaultConfigurationIsVisible = 0;
			defaultConfigurationName = Release;
		};
		7CE6734D20052A3400BBDA2A /* Build configuration list for PBXNativeTarget "NYTBestseller" */ = {
			isa = XCConfigurationList;
			buildConfigurations = (
				7CE6734E20052A3400BBDA2A /* Debug */,
				7CE6734F20052A3400BBDA2A /* Release */,
			);
			defaultConfigurationIsVisible = 0;
			defaultConfigurationName = Release;
		};
		7CE6735020052A3400BBDA2A /* Build configuration list for PBXNativeTarget "NYTBestsellerTests" */ = {
			isa = XCConfigurationList;
			buildConfigurations = (
				7CE6735120052A3400BBDA2A /* Debug */,
				7CE6735220052A3400BBDA2A /* Release */,
			);
			defaultConfigurationIsVisible = 0;
			defaultConfigurationName = Release;
		};
/* End XCConfigurationList section */
	};
	rootObject = 7CE6732820052A3400BBDA2A /* Project object */;
}
